// !$*UTF8*$!
{
	archiveVersion = 1;
	classes = {
	};
	objectVersion = 46;
	objects = {

/* Begin PBXBuildFile section */
		4C2773321C37D91600348A99 /* Localizable.strings in Resources */ = {isa = PBXBuildFile; fileRef = 4C2773301C37D91600348A99 /* Localizable.strings */; };
		4C3EECAD1BF8FA9300FE0C4C /* AppDelegate.swift in Sources */ = {isa = PBXBuildFile; fileRef = 4C3EECA21BF8FA9300FE0C4C /* AppDelegate.swift */; };
		4C3EECAE1BF8FA9300FE0C4C /* AssetItem.swift in Sources */ = {isa = PBXBuildFile; fileRef = 4C3EECA31BF8FA9300FE0C4C /* AssetItem.swift */; };
		4C3EECAF1BF8FA9300FE0C4C /* Settings.swift in Sources */ = {isa = PBXBuildFile; fileRef = 4C3EECA41BF8FA9300FE0C4C /* Settings.swift */; };
		4C3EECB01BF8FA9300FE0C4C /* CaptureManager.swift in Sources */ = {isa = PBXBuildFile; fileRef = 4C3EECA51BF8FA9300FE0C4C /* CaptureManager.swift */; };
		4C3EECB11BF8FA9300FE0C4C /* CameraViewController.swift in Sources */ = {isa = PBXBuildFile; fileRef = 4C3EECA61BF8FA9300FE0C4C /* CameraViewController.swift */; };
		4C3EECB21BF8FA9300FE0C4C /* SettingsViewController.swift in Sources */ = {isa = PBXBuildFile; fileRef = 4C3EECA71BF8FA9300FE0C4C /* SettingsViewController.swift */; };
		4C3EECB31BF8FA9300FE0C4C /* AssetsViewController.swift in Sources */ = {isa = PBXBuildFile; fileRef = 4C3EECA81BF8FA9300FE0C4C /* AssetsViewController.swift */; };
		4C3EECB41BF8FA9300FE0C4C /* PickerViewController.swift in Sources */ = {isa = PBXBuildFile; fileRef = 4C3EECA91BF8FA9300FE0C4C /* PickerViewController.swift */; };
		4C3EECB51BF8FA9300FE0C4C /* PlayerViewController.swift in Sources */ = {isa = PBXBuildFile; fileRef = 4C3EECAA1BF8FA9300FE0C4C /* PlayerViewController.swift */; };
		4C3EECB71BF8FA9300FE0C4C /* Assets.xcassets in Resources */ = {isa = PBXBuildFile; fileRef = 4C3EECAC1BF8FA9300FE0C4C /* Assets.xcassets */; };
		4C3EECB91BF8FA9E00FE0C4C /* LaunchScreen.storyboard in Resources */ = {isa = PBXBuildFile; fileRef = 4C3EECB81BF8FA9E00FE0C4C /* LaunchScreen.storyboard */; };
		4CB6F3B61C371E05009BF45B /* Main.storyboard in Resources */ = {isa = PBXBuildFile; fileRef = 4CB6F3B81C371E05009BF45B /* Main.storyboard */; };
/* End PBXBuildFile section */

/* Begin PBXFileReference section */
		4C2773311C37D91600348A99 /* Base */ = {isa = PBXFileReference; lastKnownFileType = text.plist.strings; name = Base; path = Base.lproj/Localizable.strings; sourceTree = "<group>"; };
		4C2773331C37D92900348A99 /* ru */ = {isa = PBXFileReference; lastKnownFileType = text.plist.strings; name = ru; path = ru.lproj/Localizable.strings; sourceTree = "<group>"; };
		4C3EEC8D1BF8FA6D00FE0C4C /* Rec NKPro.app */ = {isa = PBXFileReference; explicitFileType = wrapper.application; includeInIndex = 0; path = "Rec NKPro.app"; sourceTree = BUILT_PRODUCTS_DIR; };
		4C3EEC9C1BF8FA6D00FE0C4C /* Info.plist */ = {isa = PBXFileReference; lastKnownFileType = text.plist.xml; path = Info.plist; sourceTree = "<group>"; };
		4C3EECA21BF8FA9300FE0C4C /* AppDelegate.swift */ = {isa = PBXFileReference; fileEncoding = 4; lastKnownFileType = sourcecode.swift; path = AppDelegate.swift; sourceTree = "<group>"; };
		4C3EECA31BF8FA9300FE0C4C /* AssetItem.swift */ = {isa = PBXFileReference; fileEncoding = 4; lastKnownFileType = sourcecode.swift; path = AssetItem.swift; sourceTree = "<group>"; };
		4C3EECA41BF8FA9300FE0C4C /* Settings.swift */ = {isa = PBXFileReference; fileEncoding = 4; lastKnownFileType = sourcecode.swift; path = Settings.swift; sourceTree = "<group>"; };
		4C3EECA51BF8FA9300FE0C4C /* CaptureManager.swift */ = {isa = PBXFileReference; fileEncoding = 4; lastKnownFileType = sourcecode.swift; path = CaptureManager.swift; sourceTree = "<group>"; };
		4C3EECA61BF8FA9300FE0C4C /* CameraViewController.swift */ = {isa = PBXFileReference; fileEncoding = 4; lastKnownFileType = sourcecode.swift; path = CameraViewController.swift; sourceTree = "<group>"; };
		4C3EECA71BF8FA9300FE0C4C /* SettingsViewController.swift */ = {isa = PBXFileReference; fileEncoding = 4; lastKnownFileType = sourcecode.swift; path = SettingsViewController.swift; sourceTree = "<group>"; };
		4C3EECA81BF8FA9300FE0C4C /* AssetsViewController.swift */ = {isa = PBXFileReference; fileEncoding = 4; lastKnownFileType = sourcecode.swift; path = AssetsViewController.swift; sourceTree = "<group>"; };
		4C3EECA91BF8FA9300FE0C4C /* PickerViewController.swift */ = {isa = PBXFileReference; fileEncoding = 4; lastKnownFileType = sourcecode.swift; path = PickerViewController.swift; sourceTree = "<group>"; };
		4C3EECAA1BF8FA9300FE0C4C /* PlayerViewController.swift */ = {isa = PBXFileReference; fileEncoding = 4; lastKnownFileType = sourcecode.swift; path = PlayerViewController.swift; sourceTree = "<group>"; };
		4C3EECAC1BF8FA9300FE0C4C /* Assets.xcassets */ = {isa = PBXFileReference; lastKnownFileType = folder.assetcatalog; path = Assets.xcassets; sourceTree = "<group>"; };
		4C3EECB81BF8FA9E00FE0C4C /* LaunchScreen.storyboard */ = {isa = PBXFileReference; fileEncoding = 4; lastKnownFileType = file.storyboard; path = LaunchScreen.storyboard; sourceTree = "<group>"; };
		4CB6F3B71C371E05009BF45B /* Base */ = {isa = PBXFileReference; lastKnownFileType = file.storyboard; name = Base; path = Base.lproj/Main.storyboard; sourceTree = "<group>"; };
		4CB6F3B91C371E19009BF45B /* ru */ = {isa = PBXFileReference; lastKnownFileType = text.plist.strings; name = ru; path = ru.lproj/Main.strings; sourceTree = "<group>"; };
/* End PBXFileReference section */

/* Begin PBXFrameworksBuildPhase section */
		4C3EEC8A1BF8FA6D00FE0C4C /* Frameworks */ = {
			isa = PBXFrameworksBuildPhase;
			buildActionMask = 2147483647;
			files = (
			);
			runOnlyForDeploymentPostprocessing = 0;
		};
/* End PBXFrameworksBuildPhase section */

/* Begin PBXGroup section */
		4C3EEC841BF8FA6D00FE0C4C = {
			isa = PBXGroup;
			children = (
				4C3EEC8F1BF8FA6D00FE0C4C /* Rec NKPro */,
				4C3EEC8E1BF8FA6D00FE0C4C /* Products */,
			);
			sourceTree = "<group>";
		};
		4C3EEC8E1BF8FA6D00FE0C4C /* Products */ = {
			isa = PBXGroup;
			children = (
				4C3EEC8D1BF8FA6D00FE0C4C /* Rec NKPro.app */,
			);
			name = Products;
			sourceTree = "<group>";
		};
		4C3EEC8F1BF8FA6D00FE0C4C /* Rec NKPro */ = {
			isa = PBXGroup;
			children = (
				4C3EECA21BF8FA9300FE0C4C /* AppDelegate.swift */,
				4C3EECA31BF8FA9300FE0C4C /* AssetItem.swift */,
				4C3EECA41BF8FA9300FE0C4C /* Settings.swift */,
				4C3EECA51BF8FA9300FE0C4C /* CaptureManager.swift */,
				4C3EECA61BF8FA9300FE0C4C /* CameraViewController.swift */,
				4C3EECA71BF8FA9300FE0C4C /* SettingsViewController.swift */,
				4C3EECA81BF8FA9300FE0C4C /* AssetsViewController.swift */,
				4C3EECA91BF8FA9300FE0C4C /* PickerViewController.swift */,
				4C3EECAA1BF8FA9300FE0C4C /* PlayerViewController.swift */,
				4CB6F3B81C371E05009BF45B /* Main.storyboard */,
				4C3EECAC1BF8FA9300FE0C4C /* Assets.xcassets */,
				4C3EECB81BF8FA9E00FE0C4C /* LaunchScreen.storyboard */,
				4C2773301C37D91600348A99 /* Localizable.strings */,
				4C3EEC9C1BF8FA6D00FE0C4C /* Info.plist */,
			);
			path = "Rec NKPro";
			sourceTree = "<group>";
		};
/* End PBXGroup section */

/* Begin PBXNativeTarget section */
		4C3EEC8C1BF8FA6D00FE0C4C /* Rec NKPro */ = {
			isa = PBXNativeTarget;
			buildConfigurationList = 4C3EEC9F1BF8FA6D00FE0C4C /* Build configuration list for PBXNativeTarget "Rec NKPro" */;
			buildPhases = (
				4C3EEC891BF8FA6D00FE0C4C /* Sources */,
				4C3EEC8A1BF8FA6D00FE0C4C /* Frameworks */,
				4C3EEC8B1BF8FA6D00FE0C4C /* Resources */,
			);
			buildRules = (
			);
			dependencies = (
			);
			name = "Rec NKPro";
			productName = "Rec NKPro";
			productReference = 4C3EEC8D1BF8FA6D00FE0C4C /* Rec NKPro.app */;
			productType = "com.apple.product-type.application";
		};
/* End PBXNativeTarget section */

/* Begin PBXProject section */
		4C3EEC851BF8FA6D00FE0C4C /* Project object */ = {
			isa = PBXProject;
			attributes = {
				LastSwiftUpdateCheck = 0710;
				LastUpgradeCheck = 0710;
				ORGANIZATIONNAME = "Nikolay Kolesnikov";
				TargetAttributes = {
					4C3EEC8C1BF8FA6D00FE0C4C = {
						CreatedOnToolsVersion = 7.1.1;
						DevelopmentTeam = 8SH8NY37S7;
						SystemCapabilities = {
							com.apple.Maps.iOS = {
								enabled = 0;
							};
						};
					};
				};
			};
			buildConfigurationList = 4C3EEC881BF8FA6D00FE0C4C /* Build configuration list for PBXProject "Rec NKPro" */;
			compatibilityVersion = "Xcode 3.2";
			developmentRegion = English;
			hasScannedForEncodings = 0;
			knownRegions = (
				en,
				Base,
				ru,
			);
			mainGroup = 4C3EEC841BF8FA6D00FE0C4C;
			productRefGroup = 4C3EEC8E1BF8FA6D00FE0C4C /* Products */;
			projectDirPath = "";
			projectRoot = "";
			targets = (
				4C3EEC8C1BF8FA6D00FE0C4C /* Rec NKPro */,
			);
		};
/* End PBXProject section */

/* Begin PBXResourcesBuildPhase section */
		4C3EEC8B1BF8FA6D00FE0C4C /* Resources */ = {
			isa = PBXResourcesBuildPhase;
			buildActionMask = 2147483647;
			files = (
				4C3EECB91BF8FA9E00FE0C4C /* LaunchScreen.storyboard in Resources */,
				4C2773321C37D91600348A99 /* Localizable.strings in Resources */,
				4C3EECB71BF8FA9300FE0C4C /* Assets.xcassets in Resources */,
				4CB6F3B61C371E05009BF45B /* Main.storyboard in Resources */,
			);
			runOnlyForDeploymentPostprocessing = 0;
		};
/* End PBXResourcesBuildPhase section */

/* Begin PBXSourcesBuildPhase section */
		4C3EEC891BF8FA6D00FE0C4C /* Sources */ = {
			isa = PBXSourcesBuildPhase;
			buildActionMask = 2147483647;
			files = (
				4C3EECAF1BF8FA9300FE0C4C /* Settings.swift in Sources */,
				4C3EECB11BF8FA9300FE0C4C /* CameraViewController.swift in Sources */,
				4C3EECB41BF8FA9300FE0C4C /* PickerViewController.swift in Sources */,
				4C3EECAD1BF8FA9300FE0C4C /* AppDelegate.swift in Sources */,
				4C3EECB01BF8FA9300FE0C4C /* CaptureManager.swift in Sources */,
				4C3EECB51BF8FA9300FE0C4C /* PlayerViewController.swift in Sources */,
				4C3EECAE1BF8FA9300FE0C4C /* AssetItem.swift in Sources */,
				4C3EECB21BF8FA9300FE0C4C /* SettingsViewController.swift in Sources */,
				4C3EECB31BF8FA9300FE0C4C /* AssetsViewController.swift in Sources */,
			);
			runOnlyForDeploymentPostprocessing = 0;
		};
/* End PBXSourcesBuildPhase section */

/* Begin PBXVariantGroup section */
		4C2773301C37D91600348A99 /* Localizable.strings */ = {
			isa = PBXVariantGroup;
			children = (
				4C2773311C37D91600348A99 /* Base */,
				4C2773331C37D92900348A99 /* ru */,
			);
			name = Localizable.strings;
			sourceTree = "<group>";
		};
		4CB6F3B81C371E05009BF45B /* Main.storyboard */ = {
			isa = PBXVariantGroup;
			children = (
				4CB6F3B71C371E05009BF45B /* Base */,
				4CB6F3B91C371E19009BF45B /* ru */,
			);
			name = Main.storyboard;
			sourceTree = "<group>";
		};
/* End PBXVariantGroup section */

/* Begin XCBuildConfiguration section */
		4C3EEC9D1BF8FA6D00FE0C4C /* Debug */ = {
			isa = XCBuildConfiguration;
			buildSettings = {
				ALWAYS_SEARCH_USER_PATHS = NO;
				CLANG_CXX_LANGUAGE_STANDARD = "gnu++0x";
				CLANG_CXX_LIBRARY = "libc++";
				CLANG_ENABLE_MODULES = YES;
				CLANG_ENABLE_OBJC_ARC = YES;
				CLANG_WARN_BOOL_CONVERSION = YES;
				CLANG_WARN_CONSTANT_CONVERSION = YES;
				CLANG_WARN_DIRECT_OBJC_ISA_USAGE = YES_ERROR;
				CLANG_WARN_EMPTY_BODY = YES;
				CLANG_WARN_ENUM_CONVERSION = YES;
				CLANG_WARN_INT_CONVERSION = YES;
				CLANG_WARN_OBJC_ROOT_CLASS = YES_ERROR;
				CLANG_WARN_UNREACHABLE_CODE = YES;
				CLANG_WARN__DUPLICATE_METHOD_MATCH = YES;
				"CODE_SIGN_IDENTITY[sdk=iphoneos*]" = "iPhone Developer";
				COPY_PHASE_STRIP = NO;
				DEBUG_INFORMATION_FORMAT = dwarf;
				ENABLE_STRICT_OBJC_MSGSEND = YES;
				ENABLE_TESTABILITY = YES;
				GCC_C_LANGUAGE_STANDARD = gnu99;
				GCC_DYNAMIC_NO_PIC = NO;
				GCC_NO_COMMON_BLOCKS = YES;
				GCC_OPTIMIZATION_LEVEL = 0;
				GCC_PREPROCESSOR_DEFINITIONS = (
					"DEBUG=1",
					"$(inherited)",
				);
				GCC_WARN_64_TO_32_BIT_CONVERSION = YES;
				GCC_WARN_ABOUT_RETURN_TYPE = YES_ERROR;
				GCC_WARN_UNDECLARED_SELECTOR = YES;
				GCC_WARN_UNINITIALIZED_AUTOS = YES_AGGRESSIVE;
				GCC_WARN_UNUSED_FUNCTION = YES;
				GCC_WARN_UNUSED_VARIABLE = YES;
				IPHONEOS_DEPLOYMENT_TARGET = 9.1;
				MTL_ENABLE_DEBUG_INFO = YES;
				ONLY_ACTIVE_ARCH = YES;
				SDKROOT = iphoneos;
				SWIFT_OPTIMIZATION_LEVEL = "-Onone";
				TARGETED_DEVICE_FAMILY = "1,2";
			};
			name = Debug;
		};
		4C3EEC9E1BF8FA6D00FE0C4C /* Release */ = {
			isa = XCBuildConfiguration;
			buildSettings = {
				ALWAYS_SEARCH_USER_PATHS = NO;
				CLANG_CXX_LANGUAGE_STANDARD = "gnu++0x";
				CLANG_CXX_LIBRARY = "libc++";
				CLANG_ENABLE_MODULES = YES;
				CLANG_ENABLE_OBJC_ARC = YES;
				CLANG_WARN_BOOL_CONVERSION = YES;
				CLANG_WARN_CONSTANT_CONVERSION = YES;
				CLANG_WARN_DIRECT_OBJC_ISA_USAGE = YES_ERROR;
				CLANG_WARN_EMPTY_BODY = YES;
				CLANG_WARN_ENUM_CONVERSION = YES;
				CLANG_WARN_INT_CONVERSION = YES;
				CLANG_WARN_OBJC_ROOT_CLASS = YES_ERROR;
				CLANG_WARN_UNREACHABLE_CODE = YES;
				CLANG_WARN__DUPLICATE_METHOD_MATCH = YES;
				"CODE_SIGN_IDENTITY[sdk=iphoneos*]" = "iPhone Developer";
				COPY_PHASE_STRIP = NO;
				DEBUG_INFORMATION_FORMAT = "dwarf-with-dsym";
				ENABLE_NS_ASSERTIONS = NO;
				ENABLE_STRICT_OBJC_MSGSEND = YES;
				GCC_C_LANGUAGE_STANDARD = gnu99;
				GCC_NO_COMMON_BLOCKS = YES;
				GCC_WARN_64_TO_32_BIT_CONVERSION = YES;
				GCC_WARN_ABOUT_RETURN_TYPE = YES_ERROR;
				GCC_WARN_UNDECLARED_SELECTOR = YES;
				GCC_WARN_UNINITIALIZED_AUTOS = YES_AGGRESSIVE;
				GCC_WARN_UNUSED_FUNCTION = YES;
				GCC_WARN_UNUSED_VARIABLE = YES;
				IPHONEOS_DEPLOYMENT_TARGET = 9.1;
				MTL_ENABLE_DEBUG_INFO = NO;
				SDKROOT = iphoneos;
				TARGETED_DEVICE_FAMILY = "1,2";
				VALIDATE_PRODUCT = YES;
			};
			name = Release;
		};
		4C3EECA01BF8FA6D00FE0C4C /* Debug */ = {
			isa = XCBuildConfiguration;
			buildSettings = {
				ASSETCATALOG_COMPILER_APPICON_NAME = AppIcon;
				CLANG_ENABLE_MODULES = YES;
				CODE_SIGN_IDENTITY = "iPhone Developer";
				DEBUG_INFORMATION_FORMAT = "dwarf-with-dsym";
				INFOPLIST_FILE = "Rec NKPro/Info.plist";
				IPHONEOS_DEPLOYMENT_TARGET = 9.0;
				LD_RUNPATH_SEARCH_PATHS = "$(inherited) @executable_path/Frameworks";
				PRODUCT_BUNDLE_IDENTIFIER = "net.nkpro.Rec-NKPro";
				PRODUCT_NAME = "$(TARGET_NAME)";
				SWIFT_OPTIMIZATION_LEVEL = "-Onone";
			};
			name = Debug;
		};
		4C3EECA11BF8FA6D00FE0C4C /* Release */ = {
			isa = XCBuildConfiguration;
			buildSettings = {
				ASSETCATALOG_COMPILER_APPICON_NAME = AppIcon;
				CLANG_ENABLE_MODULES = YES;
				CODE_SIGN_IDENTITY = "iPhone Developer";
				DEBUG_INFORMATION_FORMAT = "dwarf-with-dsym";
				INFOPLIST_FILE = "Rec NKPro/Info.plist";
				IPHONEOS_DEPLOYMENT_TARGET = 9.0;
				LD_RUNPATH_SEARCH_PATHS = "$(inherited) @executable_path/Frameworks";
				PRODUCT_BUNDLE_IDENTIFIER = "net.nkpro.Rec-NKPro";
				PRODUCT_NAME = "$(TARGET_NAME)";
			};
			name = Release;
		};
/* End XCBuildConfiguration section */

/* Begin XCConfigurationList section */
		4C3EEC881BF8FA6D00FE0C4C /* Build configuration list for PBXProject "Rec NKPro" */ = {
			isa = XCConfigurationList;
			buildConfigurations = (
				4C3EEC9D1BF8FA6D00FE0C4C /* Debug */,
				4C3EEC9E1BF8FA6D00FE0C4C /* Release */,
			);
			defaultConfigurationIsVisible = 0;
			defaultConfigurationName = Release;
		};
		4C3EEC9F1BF8FA6D00FE0C4C /* Build configuration list for PBXNativeTarget "Rec NKPro" */ = {
			isa = XCConfigurationList;
			buildConfigurations = (
				4C3EECA01BF8FA6D00FE0C4C /* Debug */,
				4C3EECA11BF8FA6D00FE0C4C /* Release */,
			);
			defaultConfigurationIsVisible = 0;
			defaultConfigurationName = Release;
		};
/* End XCConfigurationList section */
	};
	rootObject = 4C3EEC851BF8FA6D00FE0C4C /* Project object */;
}
